
Microsoft Visual Studio Solution File, Format Version 12.00
# Visual Studio Version 16
VisualStudioVersion = 16.0.30204.135
MinimumVisualStudioVersion = 10.0.40219.1
Project("{FAE04EC0-301F-11D3-BF4B-00C04F79EFBC}") = "LiveP2000CSharp", "LiveP2000CSharp.csproj", "{C993C469-D94A-4049-9E42-0521E675E9DB}"
EndProject
Global
	GlobalSection(SolutionConfigurationPlatforms) = preSolution
		Debug|Any CPU = Debug|Any CPU
		Release|Any CPU = Release|Any CPU
	EndGlobalSection
	GlobalSection(ProjectConfigurationPlatforms) = postSolution
		{C993C469-D94A-4049-9E42-0521E675E9DB}.Debug|Any CPU.ActiveCfg = Debug|Any CPU
		{C993C469-D94A-4049-9E42-0521E675E9DB}.Debug|Any CPU.Build.0 = Debug|Any CPU
		{C993C469-D94A-4049-9E42-0521E675E9DB}.Release|Any CPU.ActiveCfg = Release|Any CPU
		{C993C469-D94A-4049-9E42-0521E675E9DB}.Release|Any CPU.Build.0 = Release|Any CPU
	EndGlobalSection
	GlobalSection(SolutionProperties) = preSolution
		HideSolutionNode = FALSE
	EndGlobalSection
	GlobalSection(ExtensibilityGlobals) = postSolution
		SolutionGuid = {809EC83F-7E66-4906-A66B-491C891BD095}
	EndGlobalSection
EndGlobal
